
Microsoft Visual Studio Solution File, Format Version 12.00
# Visual Studio Version 17
VisualStudioVersion = 17.14.36414.22 d17.14
MinimumVisualStudioVersion = 10.0.40219.1
Project("{FAE04EC0-301F-11D3-BF4B-00C04F79EFBC}") = "Lab01", "Lab01\Lab01.csproj", "{48B034D0-2CA5-457E-A929-93A6BD97D5BC}"
EndProject
Project("{FAE04EC0-301F-11D3-BF4B-00C04F79EFBC}") = "TestLab01", "TestLab01\TestLab01.csproj", "{829C5584-BAF9-487F-B921-6CF8387FE3C9}"
EndProject
Global
	GlobalSection(SolutionConfigurationPlatforms) = preSolution
		Debug|Any CPU = Debug|Any CPU
		Release|Any CPU = Release|Any CPU
	EndGlobalSection
	GlobalSection(ProjectConfigurationPlatforms) = postSolution
		{48B034D0-2CA5-457E-A929-93A6BD97D5BC}.Debug|Any CPU.ActiveCfg = Debug|Any CPU
		{48B034D0-2CA5-457E-A929-93A6BD97D5BC}.Debug|Any CPU.Build.0 = Debug|Any CPU
		{48B034D0-2CA5-457E-A929-93A6BD97D5BC}.Release|Any CPU.ActiveCfg = Release|Any CPU
		{48B034D0-2CA5-457E-A929-93A6BD97D5BC}.Release|Any CPU.Build.0 = Release|Any CPU
		{829C5584-BAF9-487F-B921-6CF8387FE3C9}.Debug|Any CPU.ActiveCfg = Debug|Any CPU
		{829C5584-BAF9-487F-B921-6CF8387FE3C9}.Debug|Any CPU.Build.0 = Debug|Any CPU
		{829C5584-BAF9-487F-B921-6CF8387FE3C9}.Release|Any CPU.ActiveCfg = Release|Any CPU
		{829C5584-BAF9-487F-B921-6CF8387FE3C9}.Release|Any CPU.Build.0 = Release|Any CPU
	EndGlobalSection
	GlobalSection(SolutionProperties) = preSolution
		HideSolutionNode = FALSE
	EndGlobalSection
	GlobalSection(ExtensibilityGlobals) = postSolution
		SolutionGuid = {0A861CB4-DCC4-43C2-8F76-227B9EFBBEB5}
	EndGlobalSection
EndGlobal
